
Microsoft Visual Studio Solution File, Format Version 12.00
# Visual Studio Version 16
VisualStudioVersion = 16.0.30611.23
MinimumVisualStudioVersion = 10.0.40219.1
Project("{8BC9CEB8-8B4A-11D0-8D11-00A0C91BC942}") = "RedBlackTree", "RedBlackTree\RedBlackTree.vcxproj", "{5FDBD144-6CB4-4349-82E8-046D92707ED3}"
EndProject
Global
	GlobalSection(SolutionConfigurationPlatforms) = preSolution
		Debug|x64 = Debug|x64
		Debug|x86 = Debug|x86
		Release|x64 = Release|x64
		Release|x86 = Release|x86
	EndGlobalSection
	GlobalSection(ProjectConfigurationPlatforms) = postSolution
		{5FDBD144-6CB4-4349-82E8-046D92707ED3}.Debug|x64.ActiveCfg = Debug|x64
		{5FDBD144-6CB4-4349-82E8-046D92707ED3}.Debug|x64.Build.0 = Debug|x64
		{5FDBD144-6CB4-4349-82E8-046D92707ED3}.Debug|x86.ActiveCfg = Debug|Win32
		{5FDBD144-6CB4-4349-82E8-046D92707ED3}.Debug|x86.Build.0 = Debug|Win32
		{5FDBD144-6CB4-4349-82E8-046D92707ED3}.Release|x64.ActiveCfg = Release|x64
		{5FDBD144-6CB4-4349-82E8-046D92707ED3}.Release|x64.Build.0 = Release|x64
		{5FDBD144-6CB4-4349-82E8-046D92707ED3}.Release|x86.ActiveCfg = Release|Win32
		{5FDBD144-6CB4-4349-82E8-046D92707ED3}.Release|x86.Build.0 = Release|Win32
	EndGlobalSection
	GlobalSection(SolutionProperties) = preSolution
		HideSolutionNode = FALSE
	EndGlobalSection
	GlobalSection(ExtensibilityGlobals) = postSolution
		SolutionGuid = {D86F62C8-9018-4B7F-B6A5-4DF153F7EEEC}
	EndGlobalSection
EndGlobal
